// !$*UTF8*$!
{
	archiveVersion = 1;
	classes = {
	};
	objectVersion = 56;
	objects = {

/* Begin PBXBuildFile section */
		6CAFB4472AE899920064D35E /* Cryptocurrecy.swift in Sources */ = {isa = PBXBuildFile; fileRef = 6CAFB4462AE899920064D35E /* Cryptocurrecy.swift */; };
		6CAFB44C2AE89A680064D35E /* GetGlobalCryptoList.swift in Sources */ = {isa = PBXBuildFile; fileRef = 6CAFB44B2AE89A680064D35E /* GetGlobalCryptoList.swift */; };
		6CAFB44F2AE89C2C0064D35E /* GlobalCryptoListRepositoryType.swift in Sources */ = {isa = PBXBuildFile; fileRef = 6CAFB44E2AE89C2C0064D35E /* GlobalCryptoListRepositoryType.swift */; };
		6CAFB4512AE89C4C0064D35E /* CryptocurrecyDomainError.swift in Sources */ = {isa = PBXBuildFile; fileRef = 6CAFB4502AE89C4C0064D35E /* CryptocurrecyDomainError.swift */; };
		6CAFB4552AE89D5C0064D35E /* CryptocurrencyRepository.swift in Sources */ = {isa = PBXBuildFile; fileRef = 6CAFB4542AE89D5C0064D35E /* CryptocurrencyRepository.swift */; };
		6CAFB4582AE8B9B00064D35E /* CryptocurrencyPriceInfoDTO.swift in Sources */ = {isa = PBXBuildFile; fileRef = 6CAFB4572AE8B9B00064D35E /* CryptocurrencyPriceInfoDTO.swift */; };
		6CAFB45A2AE8B9C80064D35E /* CryptocurrecnyBasicDTO.swift in Sources */ = {isa = PBXBuildFile; fileRef = 6CAFB4592AE8B9C80064D35E /* CryptocurrecnyBasicDTO.swift */; };
		6CAFB45D2AE8BA050064D35E /* HTTPClientError.swift in Sources */ = {isa = PBXBuildFile; fileRef = 6CAFB45C2AE8BA050064D35E /* HTTPClientError.swift */; };
		6CAFB45F2AE8BA290064D35E /* ApiDataSourceType.swift in Sources */ = {isa = PBXBuildFile; fileRef = 6CAFB45E2AE8BA290064D35E /* ApiDataSourceType.swift */; };
		6CE72C602AE6E1CD003DCF13 /* CoinGekoApp.swift in Sources */ = {isa = PBXBuildFile; fileRef = 6CE72C5F2AE6E1CD003DCF13 /* CoinGekoApp.swift */; };
		6CE72C622AE6E1CD003DCF13 /* ContentView.swift in Sources */ = {isa = PBXBuildFile; fileRef = 6CE72C612AE6E1CD003DCF13 /* ContentView.swift */; };
		6CE72C642AE6E1CF003DCF13 /* Assets.xcassets in Resources */ = {isa = PBXBuildFile; fileRef = 6CE72C632AE6E1CF003DCF13 /* Assets.xcassets */; };
		6CE72C672AE6E1CF003DCF13 /* Preview Assets.xcassets in Resources */ = {isa = PBXBuildFile; fileRef = 6CE72C662AE6E1CF003DCF13 /* Preview Assets.xcassets */; };
/* End PBXBuildFile section */

/* Begin PBXFileReference section */
		6CAFB4462AE899920064D35E /* Cryptocurrecy.swift */ = {isa = PBXFileReference; lastKnownFileType = sourcecode.swift; path = Cryptocurrecy.swift; sourceTree = "<group>"; };
		6CAFB44B2AE89A680064D35E /* GetGlobalCryptoList.swift */ = {isa = PBXFileReference; lastKnownFileType = sourcecode.swift; path = GetGlobalCryptoList.swift; sourceTree = "<group>"; };
		6CAFB44E2AE89C2C0064D35E /* GlobalCryptoListRepositoryType.swift */ = {isa = PBXFileReference; lastKnownFileType = sourcecode.swift; path = GlobalCryptoListRepositoryType.swift; sourceTree = "<group>"; };
		6CAFB4502AE89C4C0064D35E /* CryptocurrecyDomainError.swift */ = {isa = PBXFileReference; lastKnownFileType = sourcecode.swift; path = CryptocurrecyDomainError.swift; sourceTree = "<group>"; };
		6CAFB4542AE89D5C0064D35E /* CryptocurrencyRepository.swift */ = {isa = PBXFileReference; lastKnownFileType = sourcecode.swift; path = CryptocurrencyRepository.swift; sourceTree = "<group>"; };
		6CAFB4572AE8B9B00064D35E /* CryptocurrencyPriceInfoDTO.swift */ = {isa = PBXFileReference; lastKnownFileType = sourcecode.swift; path = CryptocurrencyPriceInfoDTO.swift; sourceTree = "<group>"; };
		6CAFB4592AE8B9C80064D35E /* CryptocurrecnyBasicDTO.swift */ = {isa = PBXFileReference; lastKnownFileType = sourcecode.swift; path = CryptocurrecnyBasicDTO.swift; sourceTree = "<group>"; };
		6CAFB45C2AE8BA050064D35E /* HTTPClientError.swift */ = {isa = PBXFileReference; lastKnownFileType = sourcecode.swift; path = HTTPClientError.swift; sourceTree = "<group>"; };
		6CAFB45E2AE8BA290064D35E /* ApiDataSourceType.swift */ = {isa = PBXFileReference; lastKnownFileType = sourcecode.swift; path = ApiDataSourceType.swift; sourceTree = "<group>"; };
		6CE72C5C2AE6E1CD003DCF13 /* CoinGeko.app */ = {isa = PBXFileReference; explicitFileType = wrapper.application; includeInIndex = 0; path = CoinGeko.app; sourceTree = BUILT_PRODUCTS_DIR; };
		6CE72C5F2AE6E1CD003DCF13 /* CoinGekoApp.swift */ = {isa = PBXFileReference; lastKnownFileType = sourcecode.swift; path = CoinGekoApp.swift; sourceTree = "<group>"; };
		6CE72C612AE6E1CD003DCF13 /* ContentView.swift */ = {isa = PBXFileReference; lastKnownFileType = sourcecode.swift; path = ContentView.swift; sourceTree = "<group>"; };
		6CE72C632AE6E1CF003DCF13 /* Assets.xcassets */ = {isa = PBXFileReference; lastKnownFileType = folder.assetcatalog; path = Assets.xcassets; sourceTree = "<group>"; };
		6CE72C662AE6E1CF003DCF13 /* Preview Assets.xcassets */ = {isa = PBXFileReference; lastKnownFileType = folder.assetcatalog; path = "Preview Assets.xcassets"; sourceTree = "<group>"; };
/* End PBXFileReference section */

/* Begin PBXFrameworksBuildPhase section */
		6CE72C592AE6E1CD003DCF13 /* Frameworks */ = {
			isa = PBXFrameworksBuildPhase;
			buildActionMask = 2147483647;
			files = (
			);
			runOnlyForDeploymentPostprocessing = 0;
		};
/* End PBXFrameworksBuildPhase section */

/* Begin PBXGroup section */
		6CAFB4482AE8999B0064D35E /* Domain */ = {
			isa = PBXGroup;
			children = (
				6CAFB44D2AE89C1A0064D35E /* Interfaces */,
				6CAFB44A2AE89A390064D35E /* Use cases */,
				6CAFB4492AE899A10064D35E /* Entities */,
			);
			path = Domain;
			sourceTree = "<group>";
		};
		6CAFB4492AE899A10064D35E /* Entities */ = {
			isa = PBXGroup;
			children = (
				6CAFB4462AE899920064D35E /* Cryptocurrecy.swift */,
			);
			path = Entities;
			sourceTree = "<group>";
		};
		6CAFB44A2AE89A390064D35E /* Use cases */ = {
			isa = PBXGroup;
			children = (
				6CAFB44B2AE89A680064D35E /* GetGlobalCryptoList.swift */,
			);
			path = "Use cases";
			sourceTree = "<group>";
		};
		6CAFB44D2AE89C1A0064D35E /* Interfaces */ = {
			isa = PBXGroup;
			children = (
				6CAFB44E2AE89C2C0064D35E /* GlobalCryptoListRepositoryType.swift */,
				6CAFB4502AE89C4C0064D35E /* CryptocurrecyDomainError.swift */,
			);
			path = Interfaces;
			sourceTree = "<group>";
		};
		6CAFB4522AE89D400064D35E /* Data */ = {
			isa = PBXGroup;
			children = (
				6CAFB45B2AE8B9FD0064D35E /* Networking */,
				6CAFB4562AE8B99E0064D35E /* DTOs */,
				6CAFB4532AE89D440064D35E /* Repositories */,
			);
			path = Data;
			sourceTree = "<group>";
		};
		6CAFB4532AE89D440064D35E /* Repositories */ = {
			isa = PBXGroup;
			children = (
				6CAFB4542AE89D5C0064D35E /* CryptocurrencyRepository.swift */,
			);
			path = Repositories;
			sourceTree = "<group>";
		};
		6CAFB4562AE8B99E0064D35E /* DTOs */ = {
			isa = PBXGroup;
			children = (
				6CAFB4572AE8B9B00064D35E /* CryptocurrencyPriceInfoDTO.swift */,
				6CAFB4592AE8B9C80064D35E /* CryptocurrecnyBasicDTO.swift */,
			);
			path = DTOs;
			sourceTree = "<group>";
		};
		6CAFB45B2AE8B9FD0064D35E /* Networking */ = {
			isa = PBXGroup;
			children = (
				6CAFB45C2AE8BA050064D35E /* HTTPClientError.swift */,
				6CAFB45E2AE8BA290064D35E /* ApiDataSourceType.swift */,
			);
			path = Networking;
			sourceTree = "<group>";
		};
		6CE72C532AE6E1CD003DCF13 = {
			isa = PBXGroup;
			children = (
				6CE72C5E2AE6E1CD003DCF13 /* CoinGeko */,
				6CE72C5D2AE6E1CD003DCF13 /* Products */,
			);
			sourceTree = "<group>";
		};
		6CE72C5D2AE6E1CD003DCF13 /* Products */ = {
			isa = PBXGroup;
			children = (
				6CE72C5C2AE6E1CD003DCF13 /* CoinGeko.app */,
			);
			name = Products;
			sourceTree = "<group>";
		};
		6CE72C5E2AE6E1CD003DCF13 /* CoinGeko */ = {
			isa = PBXGroup;
			children = (
				6CAFB4522AE89D400064D35E /* Data */,
				6CAFB4482AE8999B0064D35E /* Domain */,
				6CE72C5F2AE6E1CD003DCF13 /* CoinGekoApp.swift */,
				6CE72C612AE6E1CD003DCF13 /* ContentView.swift */,
				6CE72C632AE6E1CF003DCF13 /* Assets.xcassets */,
				6CE72C652AE6E1CF003DCF13 /* Preview Content */,
			);
			path = CoinGeko;
			sourceTree = "<group>";
		};
		6CE72C652AE6E1CF003DCF13 /* Preview Content */ = {
			isa = PBXGroup;
			children = (
				6CE72C662AE6E1CF003DCF13 /* Preview Assets.xcassets */,
			);
			path = "Preview Content";
			sourceTree = "<group>";
		};
/* End PBXGroup section */

/* Begin PBXNativeTarget section */
		6CE72C5B2AE6E1CD003DCF13 /* CoinGeko */ = {
			isa = PBXNativeTarget;
			buildConfigurationList = 6CE72C6A2AE6E1CF003DCF13 /* Build configuration list for PBXNativeTarget "CoinGeko" */;
			buildPhases = (
				6CE72C582AE6E1CD003DCF13 /* Sources */,
				6CE72C592AE6E1CD003DCF13 /* Frameworks */,
				6CE72C5A2AE6E1CD003DCF13 /* Resources */,
			);
			buildRules = (
			);
			dependencies = (
			);
			name = CoinGeko;
			productName = CoinGeko;
			productReference = 6CE72C5C2AE6E1CD003DCF13 /* CoinGeko.app */;
			productType = "com.apple.product-type.application";
		};
/* End PBXNativeTarget section */

/* Begin PBXProject section */
		6CE72C542AE6E1CD003DCF13 /* Project object */ = {
			isa = PBXProject;
			attributes = {
				BuildIndependentTargetsInParallel = 1;
				LastSwiftUpdateCheck = 1500;
				LastUpgradeCheck = 1500;
				TargetAttributes = {
					6CE72C5B2AE6E1CD003DCF13 = {
						CreatedOnToolsVersion = 15.0.1;
					};
				};
			};
			buildConfigurationList = 6CE72C572AE6E1CD003DCF13 /* Build configuration list for PBXProject "CoinGeko" */;
			compatibilityVersion = "Xcode 14.0";
			developmentRegion = en;
			hasScannedForEncodings = 0;
			knownRegions = (
				en,
				Base,
			);
			mainGroup = 6CE72C532AE6E1CD003DCF13;
			productRefGroup = 6CE72C5D2AE6E1CD003DCF13 /* Products */;
			projectDirPath = "";
			projectRoot = "";
			targets = (
				6CE72C5B2AE6E1CD003DCF13 /* CoinGeko */,
			);
		};
/* End PBXProject section */

/* Begin PBXResourcesBuildPhase section */
		6CE72C5A2AE6E1CD003DCF13 /* Resources */ = {
			isa = PBXResourcesBuildPhase;
			buildActionMask = 2147483647;
			files = (
				6CE72C672AE6E1CF003DCF13 /* Preview Assets.xcassets in Resources */,
				6CE72C642AE6E1CF003DCF13 /* Assets.xcassets in Resources */,
			);
			runOnlyForDeploymentPostprocessing = 0;
		};
/* End PBXResourcesBuildPhase section */

/* Begin PBXSourcesBuildPhase section */
		6CE72C582AE6E1CD003DCF13 /* Sources */ = {
			isa = PBXSourcesBuildPhase;
			buildActionMask = 2147483647;
			files = (
				6CE72C622AE6E1CD003DCF13 /* ContentView.swift in Sources */,
				6CAFB4552AE89D5C0064D35E /* CryptocurrencyRepository.swift in Sources */,
				6CAFB4582AE8B9B00064D35E /* CryptocurrencyPriceInfoDTO.swift in Sources */,
				6CAFB4512AE89C4C0064D35E /* CryptocurrecyDomainError.swift in Sources */,
				6CAFB4472AE899920064D35E /* Cryptocurrecy.swift in Sources */,
				6CAFB45A2AE8B9C80064D35E /* CryptocurrecnyBasicDTO.swift in Sources */,
				6CAFB44C2AE89A680064D35E /* GetGlobalCryptoList.swift in Sources */,
				6CAFB45D2AE8BA050064D35E /* HTTPClientError.swift in Sources */,
				6CAFB45F2AE8BA290064D35E /* ApiDataSourceType.swift in Sources */,
				6CAFB44F2AE89C2C0064D35E /* GlobalCryptoListRepositoryType.swift in Sources */,
				6CE72C602AE6E1CD003DCF13 /* CoinGekoApp.swift in Sources */,
			);
			runOnlyForDeploymentPostprocessing = 0;
		};
/* End PBXSourcesBuildPhase section */

/* Begin XCBuildConfiguration section */
		6CE72C682AE6E1CF003DCF13 /* Debug */ = {
			isa = XCBuildConfiguration;
			buildSettings = {
				ALWAYS_SEARCH_USER_PATHS = NO;
				ASSETCATALOG_COMPILER_GENERATE_SWIFT_ASSET_SYMBOL_EXTENSIONS = YES;
				CLANG_ANALYZER_NONNULL = YES;
				CLANG_ANALYZER_NUMBER_OBJECT_CONVERSION = YES_AGGRESSIVE;
				CLANG_CXX_LANGUAGE_STANDARD = "gnu++20";
				CLANG_ENABLE_MODULES = YES;
				CLANG_ENABLE_OBJC_ARC = YES;
				CLANG_ENABLE_OBJC_WEAK = YES;
				CLANG_WARN_BLOCK_CAPTURE_AUTORELEASING = YES;
				CLANG_WARN_BOOL_CONVERSION = YES;
				CLANG_WARN_COMMA = YES;
				CLANG_WARN_CONSTANT_CONVERSION = YES;
				CLANG_WARN_DEPRECATED_OBJC_IMPLEMENTATIONS = YES;
				CLANG_WARN_DIRECT_OBJC_ISA_USAGE = YES_ERROR;
				CLANG_WARN_DOCUMENTATION_COMMENTS = YES;
				CLANG_WARN_EMPTY_BODY = YES;
				CLANG_WARN_ENUM_CONVERSION = YES;
				CLANG_WARN_INFINITE_RECURSION = YES;
				CLANG_WARN_INT_CONVERSION = YES;
				CLANG_WARN_NON_LITERAL_NULL_CONVERSION = YES;
				CLANG_WARN_OBJC_IMPLICIT_RETAIN_SELF = YES;
				CLANG_WARN_OBJC_LITERAL_CONVERSION = YES;
				CLANG_WARN_OBJC_ROOT_CLASS = YES_ERROR;
				CLANG_WARN_QUOTED_INCLUDE_IN_FRAMEWORK_HEADER = YES;
				CLANG_WARN_RANGE_LOOP_ANALYSIS = YES;
				CLANG_WARN_STRICT_PROTOTYPES = YES;
				CLANG_WARN_SUSPICIOUS_MOVE = YES;
				CLANG_WARN_UNGUARDED_AVAILABILITY = YES_AGGRESSIVE;
				CLANG_WARN_UNREACHABLE_CODE = YES;
				CLANG_WARN__DUPLICATE_METHOD_MATCH = YES;
				COPY_PHASE_STRIP = NO;
				DEBUG_INFORMATION_FORMAT = dwarf;
				ENABLE_STRICT_OBJC_MSGSEND = YES;
				ENABLE_TESTABILITY = YES;
				ENABLE_USER_SCRIPT_SANDBOXING = YES;
				GCC_C_LANGUAGE_STANDARD = gnu17;
				GCC_DYNAMIC_NO_PIC = NO;
				GCC_NO_COMMON_BLOCKS = YES;
				GCC_OPTIMIZATION_LEVEL = 0;
				GCC_PREPROCESSOR_DEFINITIONS = (
					"DEBUG=1",
					"$(inherited)",
				);
				GCC_WARN_64_TO_32_BIT_CONVERSION = YES;
				GCC_WARN_ABOUT_RETURN_TYPE = YES_ERROR;
				GCC_WARN_UNDECLARED_SELECTOR = YES;
				GCC_WARN_UNINITIALIZED_AUTOS = YES_AGGRESSIVE;
				GCC_WARN_UNUSED_FUNCTION = YES;
				GCC_WARN_UNUSED_VARIABLE = YES;
				IPHONEOS_DEPLOYMENT_TARGET = 17.0;
				LOCALIZATION_PREFERS_STRING_CATALOGS = YES;
				MTL_ENABLE_DEBUG_INFO = INCLUDE_SOURCE;
				MTL_FAST_MATH = YES;
				ONLY_ACTIVE_ARCH = YES;
				SDKROOT = iphoneos;
				SWIFT_ACTIVE_COMPILATION_CONDITIONS = "DEBUG $(inherited)";
				SWIFT_OPTIMIZATION_LEVEL = "-Onone";
			};
			name = Debug;
		};
		6CE72C692AE6E1CF003DCF13 /* Release */ = {
			isa = XCBuildConfiguration;
			buildSettings = {
				ALWAYS_SEARCH_USER_PATHS = NO;
				ASSETCATALOG_COMPILER_GENERATE_SWIFT_ASSET_SYMBOL_EXTENSIONS = YES;
				CLANG_ANALYZER_NONNULL = YES;
				CLANG_ANALYZER_NUMBER_OBJECT_CONVERSION = YES_AGGRESSIVE;
				CLANG_CXX_LANGUAGE_STANDARD = "gnu++20";
				CLANG_ENABLE_MODULES = YES;
				CLANG_ENABLE_OBJC_ARC = YES;
				CLANG_ENABLE_OBJC_WEAK = YES;
				CLANG_WARN_BLOCK_CAPTURE_AUTORELEASING = YES;
				CLANG_WARN_BOOL_CONVERSION = YES;
				CLANG_WARN_COMMA = YES;
				CLANG_WARN_CONSTANT_CONVERSION = YES;
				CLANG_WARN_DEPRECATED_OBJC_IMPLEMENTATIONS = YES;
				CLANG_WARN_DIRECT_OBJC_ISA_USAGE = YES_ERROR;
				CLANG_WARN_DOCUMENTATION_COMMENTS = YES;
				CLANG_WARN_EMPTY_BODY = YES;
				CLANG_WARN_ENUM_CONVERSION = YES;
				CLANG_WARN_INFINITE_RECURSION = YES;
				CLANG_WARN_INT_CONVERSION = YES;
				CLANG_WARN_NON_LITERAL_NULL_CONVERSION = YES;
				CLANG_WARN_OBJC_IMPLICIT_RETAIN_SELF = YES;
				CLANG_WARN_OBJC_LITERAL_CONVERSION = YES;
				CLANG_WARN_OBJC_ROOT_CLASS = YES_ERROR;
				CLANG_WARN_QUOTED_INCLUDE_IN_FRAMEWORK_HEADER = YES;
				CLANG_WARN_RANGE_LOOP_ANALYSIS = YES;
				CLANG_WARN_STRICT_PROTOTYPES = YES;
				CLANG_WARN_SUSPICIOUS_MOVE = YES;
				CLANG_WARN_UNGUARDED_AVAILABILITY = YES_AGGRESSIVE;
				CLANG_WARN_UNREACHABLE_CODE = YES;
				CLANG_WARN__DUPLICATE_METHOD_MATCH = YES;
				COPY_PHASE_STRIP = NO;
				DEBUG_INFORMATION_FORMAT = "dwarf-with-dsym";
				ENABLE_NS_ASSERTIONS = NO;
				ENABLE_STRICT_OBJC_MSGSEND = YES;
				ENABLE_USER_SCRIPT_SANDBOXING = YES;
				GCC_C_LANGUAGE_STANDARD = gnu17;
				GCC_NO_COMMON_BLOCKS = YES;
				GCC_WARN_64_TO_32_BIT_CONVERSION = YES;
				GCC_WARN_ABOUT_RETURN_TYPE = YES_ERROR;
				GCC_WARN_UNDECLARED_SELECTOR = YES;
				GCC_WARN_UNINITIALIZED_AUTOS = YES_AGGRESSIVE;
				GCC_WARN_UNUSED_FUNCTION = YES;
				GCC_WARN_UNUSED_VARIABLE = YES;
				IPHONEOS_DEPLOYMENT_TARGET = 17.0;
				LOCALIZATION_PREFERS_STRING_CATALOGS = YES;
				MTL_ENABLE_DEBUG_INFO = NO;
				MTL_FAST_MATH = YES;
				SDKROOT = iphoneos;
				SWIFT_COMPILATION_MODE = wholemodule;
				VALIDATE_PRODUCT = YES;
			};
			name = Release;
		};
		6CE72C6B2AE6E1CF003DCF13 /* Debug */ = {
			isa = XCBuildConfiguration;
			buildSettings = {
				ASSETCATALOG_COMPILER_APPICON_NAME = AppIcon;
				ASSETCATALOG_COMPILER_GLOBAL_ACCENT_COLOR_NAME = AccentColor;
				CODE_SIGN_STYLE = Automatic;
				CURRENT_PROJECT_VERSION = 1;
				DEVELOPMENT_ASSET_PATHS = "\"CoinGeko/Preview Content\"";
				DEVELOPMENT_TEAM = 345UR7Z9A7;
				ENABLE_PREVIEWS = YES;
				GENERATE_INFOPLIST_FILE = YES;
				INFOPLIST_KEY_UIApplicationSceneManifest_Generation = YES;
				INFOPLIST_KEY_UIApplicationSupportsIndirectInputEvents = YES;
				INFOPLIST_KEY_UILaunchScreen_Generation = YES;
				INFOPLIST_KEY_UISupportedInterfaceOrientations_iPad = "UIInterfaceOrientationPortrait UIInterfaceOrientationPortraitUpsideDown UIInterfaceOrientationLandscapeLeft UIInterfaceOrientationLandscapeRight";
				INFOPLIST_KEY_UISupportedInterfaceOrientations_iPhone = "UIInterfaceOrientationPortrait UIInterfaceOrientationLandscapeLeft UIInterfaceOrientationLandscapeRight";
				LD_RUNPATH_SEARCH_PATHS = (
					"$(inherited)",
					"@executable_path/Frameworks",
				);
				MARKETING_VERSION = 1.0;
				PRODUCT_BUNDLE_IDENTIFIER = com.rotadevsolutions.CoinGeko;
				PRODUCT_NAME = "$(TARGET_NAME)";
				SWIFT_EMIT_LOC_STRINGS = YES;
				SWIFT_VERSION = 5.0;
				TARGETED_DEVICE_FAMILY = "1,2";
			};
			name = Debug;
		};
		6CE72C6C2AE6E1CF003DCF13 /* Release */ = {
			isa = XCBuildConfiguration;
			buildSettings = {
				ASSETCATALOG_COMPILER_APPICON_NAME = AppIcon;
				ASSETCATALOG_COMPILER_GLOBAL_ACCENT_COLOR_NAME = AccentColor;
				CODE_SIGN_STYLE = Automatic;
				CURRENT_PROJECT_VERSION = 1;
				DEVELOPMENT_ASSET_PATHS = "\"CoinGeko/Preview Content\"";
				DEVELOPMENT_TEAM = 345UR7Z9A7;
				ENABLE_PREVIEWS = YES;
				GENERATE_INFOPLIST_FILE = YES;
				INFOPLIST_KEY_UIApplicationSceneManifest_Generation = YES;
				INFOPLIST_KEY_UIApplicationSupportsIndirectInputEvents = YES;
				INFOPLIST_KEY_UILaunchScreen_Generation = YES;
				INFOPLIST_KEY_UISupportedInterfaceOrientations_iPad = "UIInterfaceOrientationPortrait UIInterfaceOrientationPortraitUpsideDown UIInterfaceOrientationLandscapeLeft UIInterfaceOrientationLandscapeRight";
				INFOPLIST_KEY_UISupportedInterfaceOrientations_iPhone = "UIInterfaceOrientationPortrait UIInterfaceOrientationLandscapeLeft UIInterfaceOrientationLandscapeRight";
				LD_RUNPATH_SEARCH_PATHS = (
					"$(inherited)",
					"@executable_path/Frameworks",
				);
				MARKETING_VERSION = 1.0;
				PRODUCT_BUNDLE_IDENTIFIER = com.rotadevsolutions.CoinGeko;
				PRODUCT_NAME = "$(TARGET_NAME)";
				SWIFT_EMIT_LOC_STRINGS = YES;
				SWIFT_VERSION = 5.0;
				TARGETED_DEVICE_FAMILY = "1,2";
			};
			name = Release;
		};
/* End XCBuildConfiguration section */

/* Begin XCConfigurationList section */
		6CE72C572AE6E1CD003DCF13 /* Build configuration list for PBXProject "CoinGeko" */ = {
			isa = XCConfigurationList;
			buildConfigurations = (
				6CE72C682AE6E1CF003DCF13 /* Debug */,
				6CE72C692AE6E1CF003DCF13 /* Release */,
			);
			defaultConfigurationIsVisible = 0;
			defaultConfigurationName = Release;
		};
		6CE72C6A2AE6E1CF003DCF13 /* Build configuration list for PBXNativeTarget "CoinGeko" */ = {
			isa = XCConfigurationList;
			buildConfigurations = (
				6CE72C6B2AE6E1CF003DCF13 /* Debug */,
				6CE72C6C2AE6E1CF003DCF13 /* Release */,
			);
			defaultConfigurationIsVisible = 0;
			defaultConfigurationName = Release;
		};
/* End XCConfigurationList section */
	};
	rootObject = 6CE72C542AE6E1CD003DCF13 /* Project object */;
}
